
Microsoft Visual Studio Solution File, Format Version 12.00
# Visual Studio Version 17
VisualStudioVersion = 17.8.34330.188
MinimumVisualStudioVersion = 10.0.40219.1
Project("{FAE04EC0-301F-11D3-BF4B-00C04F79EFBC}") = "P001.Encapsulation", "P001.Encapsulation\P001.Encapsulation.csproj", "{AF6C5ED1-4E60-4ED9-AE56-07820A4A3D29}"
EndProject
Project("{FAE04EC0-301F-11D3-BF4B-00C04F79EFBC}") = "P002.Polymorphism", "P002.Polymorphism\P002.Polymorphism.csproj", "{431D6F34-EB60-41CA-8C7B-3F6B95C3F451}"
EndProject
Project("{FAE04EC0-301F-11D3-BF4B-00C04F79EFBC}") = "P003.Abstraction", "P003.Abstraction\P003.Abstraction.csproj", "{5E205BC8-C623-4D8A-9D78-1069DC729CB8}"
EndProject
Project("{FAE04EC0-301F-11D3-BF4B-00C04F79EFBC}") = "P004.Exercise.ClassStructEnum", "P004.Exercise.ClassStructEnum\P004.Exercise.ClassStructEnum.csproj", "{B000FD26-1BEA-498D-816A-3FA08B620EAF}"
EndProject
Project("{FAE04EC0-301F-11D3-BF4B-00C04F79EFBC}") = "P005.Exercise.Exceptions", "P005.Exercise.Exceptions\P005.Exercise.Exceptions.csproj", "{C263D77B-512F-4698-B30E-E3F3C836D5D1}"
EndProject
Project("{FAE04EC0-301F-11D3-BF4B-00C04F79EFBC}") = "P006.Exercise.Enum-FileCreator", "P006.Exercise.Enum-FileCreator\P006.Exercise.Enum-FileCreator.csproj", "{7951D63A-8443-48E6-BD1A-3F7E62D51F66}"
EndProject
Project("{FAE04EC0-301F-11D3-BF4B-00C04F79EFBC}") = "OOP.Core", "OOP.Core\OOP.Core.csproj", "{6BF96287-8FDE-4AE7-8C76-823F73D47DA3}"
EndProject
Project("{FAE04EC0-301F-11D3-BF4B-00C04F79EFBC}") = "P007.Exercise.CaesarCipher", "P007.Exercise.CaesarCipher\P007.Exercise.CaesarCipher.csproj", "{EDBD1EC3-A588-46AC-9D09-F66B94F2380D}"
EndProject
Project("{FAE04EC0-301F-11D3-BF4B-00C04F79EFBC}") = "P008.Collections_ArrayList", "P008.Collections_ArrayList\P008.Collections_ArrayList.csproj", "{90486C6F-FE36-4867-BFA3-CF02FF5560C1}"
EndProject
Project("{FAE04EC0-301F-11D3-BF4B-00C04F79EFBC}") = "P009.Collections_Hashtable", "P009_Collections_Hashtable\P009.Collections_Hashtable.csproj", "{53E5FD6F-15E7-4816-8E1D-F61D631870FE}"
EndProject
Project("{FAE04EC0-301F-11D3-BF4B-00C04F79EFBC}") = "P010.Collections_SortedList", "P010.Collections_SortedList\P010.Collections_SortedList.csproj", "{06E7BB43-5E95-4CEA-9A68-47F78A171A20}"
EndProject
Project("{FAE04EC0-301F-11D3-BF4B-00C04F79EFBC}") = "P011.Collections_Stack", "P011.Collections_Stack\P011.Collections_Stack.csproj", "{86BC4286-67A1-40A3-B176-042891506B78}"
EndProject
Project("{FAE04EC0-301F-11D3-BF4B-00C04F79EFBC}") = "P012.Collections_Queue", "P012.Collections_Queue\P012.Collections_Queue.csproj", "{408209A4-9604-409D-9B69-8273EF9F93C4}"
EndProject
Project("{FAE04EC0-301F-11D3-BF4B-00C04F79EFBC}") = "P013.Collections_BitArray", "P013.Collections_BitArray\P013.Collections_BitArray.csproj", "{CC4B5CC8-68FD-47AE-BB80-7D8D4E495A31}"
EndProject
Project("{FAE04EC0-301F-11D3-BF4B-00C04F79EFBC}") = "P014.Exercise.Struct_ArrayList", "P014.Exercise.Struct_ArrayList\P014.Exercise.Struct_ArrayList.csproj", "{7CFAB0DD-62C8-48BA-8AFA-CB6FDB22B743}"
EndProject
Project("{FAE04EC0-301F-11D3-BF4B-00C04F79EFBC}") = "P015.Collections_Generic_List_T", "P015.Collections_Generic_List_T\P015.Collections_Generic_List_T.csproj", "{A8D3FA33-226B-4C9C-A374-4D8D25528224}"
EndProject
Project("{FAE04EC0-301F-11D3-BF4B-00C04F79EFBC}") = "P016.Collections_Generic_Dictionary", "P016.Collections_Generic_Dictionary\P016.Collections_Generic_Dictionary.csproj", "{E3DEF921-F776-4309-845D-84414D13F268}"
EndProject
Project("{FAE04EC0-301F-11D3-BF4B-00C04F79EFBC}") = "P017.Collections_Generic_SortedList", "P017.Collections_Generic_SortedList\P017.Collections_Generic_SortedList.csproj", "{A5DD0472-827A-4049-AF06-9C6974CC4615}"
EndProject
Project("{FAE04EC0-301F-11D3-BF4B-00C04F79EFBC}") = "P018.Collections_Generic_SortedDictionary", "P018.Collections_Generic_SortedDictionary\P018.Collections_Generic_SortedDictionary.csproj", "{4BBF78E0-863D-4E95-BEEB-94E93CB2BB2C}"
EndProject
Project("{FAE04EC0-301F-11D3-BF4B-00C04F79EFBC}") = "P019.Collections_Generic_Stack", "P019.Collections_Generic_Stack\P019.Collections_Generic_Stack.csproj", "{CE2109CA-2F1A-4205-9553-921912FB6CD7}"
EndProject
Project("{FAE04EC0-301F-11D3-BF4B-00C04F79EFBC}") = "P020.Collections_Generic_Queue", "P020.Collections_Generic_Queue\P020.Collections_Generic_Queue.csproj", "{8E56C7B7-3F3D-4D31-A423-759D5E7A9E3D}"
EndProject
Project("{FAE04EC0-301F-11D3-BF4B-00C04F79EFBC}") = "P021.Collections_Specialized_NameValue", "P021.Collections_Specialized_NameValue\P021.Collections_Specialized_NameValue.csproj", "{DB359FF6-48E4-4996-BA05-2ADBC6EDD4FA}"
EndProject
Project("{FAE04EC0-301F-11D3-BF4B-00C04F79EFBC}") = "P022.Collections_Generic_KeyValuePair", "P022.Collections_Generic_KeyValuePair\P022.Collections_Generic_KeyValuePair.csproj", "{8012018F-5978-4D23-A202-6525EF45C79A}"
EndProject
Project("{FAE04EC0-301F-11D3-BF4B-00C04F79EFBC}") = "P023.Generic_Classes", "P023.Generic_Classes\P023.Generic_Classes.csproj", "{BF43CCB6-BD69-406A-BB29-05C4C32C978B}"
EndProject
Global
	GlobalSection(SolutionConfigurationPlatforms) = preSolution
		Debug|Any CPU = Debug|Any CPU
		Release|Any CPU = Release|Any CPU
	EndGlobalSection
	GlobalSection(ProjectConfigurationPlatforms) = postSolution
		{AF6C5ED1-4E60-4ED9-AE56-07820A4A3D29}.Debug|Any CPU.ActiveCfg = Debug|Any CPU
		{AF6C5ED1-4E60-4ED9-AE56-07820A4A3D29}.Debug|Any CPU.Build.0 = Debug|Any CPU
		{AF6C5ED1-4E60-4ED9-AE56-07820A4A3D29}.Release|Any CPU.ActiveCfg = Release|Any CPU
		{AF6C5ED1-4E60-4ED9-AE56-07820A4A3D29}.Release|Any CPU.Build.0 = Release|Any CPU
		{431D6F34-EB60-41CA-8C7B-3F6B95C3F451}.Debug|Any CPU.ActiveCfg = Debug|Any CPU
		{431D6F34-EB60-41CA-8C7B-3F6B95C3F451}.Debug|Any CPU.Build.0 = Debug|Any CPU
		{431D6F34-EB60-41CA-8C7B-3F6B95C3F451}.Release|Any CPU.ActiveCfg = Release|Any CPU
		{431D6F34-EB60-41CA-8C7B-3F6B95C3F451}.Release|Any CPU.Build.0 = Release|Any CPU
		{5E205BC8-C623-4D8A-9D78-1069DC729CB8}.Debug|Any CPU.ActiveCfg = Debug|Any CPU
		{5E205BC8-C623-4D8A-9D78-1069DC729CB8}.Debug|Any CPU.Build.0 = Debug|Any CPU
		{5E205BC8-C623-4D8A-9D78-1069DC729CB8}.Release|Any CPU.ActiveCfg = Release|Any CPU
		{5E205BC8-C623-4D8A-9D78-1069DC729CB8}.Release|Any CPU.Build.0 = Release|Any CPU
		{B000FD26-1BEA-498D-816A-3FA08B620EAF}.Debug|Any CPU.ActiveCfg = Debug|Any CPU
		{B000FD26-1BEA-498D-816A-3FA08B620EAF}.Debug|Any CPU.Build.0 = Debug|Any CPU
		{B000FD26-1BEA-498D-816A-3FA08B620EAF}.Release|Any CPU.ActiveCfg = Release|Any CPU
		{B000FD26-1BEA-498D-816A-3FA08B620EAF}.Release|Any CPU.Build.0 = Release|Any CPU
		{C263D77B-512F-4698-B30E-E3F3C836D5D1}.Debug|Any CPU.ActiveCfg = Debug|Any CPU
		{C263D77B-512F-4698-B30E-E3F3C836D5D1}.Debug|Any CPU.Build.0 = Debug|Any CPU
		{C263D77B-512F-4698-B30E-E3F3C836D5D1}.Release|Any CPU.ActiveCfg = Release|Any CPU
		{C263D77B-512F-4698-B30E-E3F3C836D5D1}.Release|Any CPU.Build.0 = Release|Any CPU
		{7951D63A-8443-48E6-BD1A-3F7E62D51F66}.Debug|Any CPU.ActiveCfg = Debug|Any CPU
		{7951D63A-8443-48E6-BD1A-3F7E62D51F66}.Debug|Any CPU.Build.0 = Debug|Any CPU
		{7951D63A-8443-48E6-BD1A-3F7E62D51F66}.Release|Any CPU.ActiveCfg = Release|Any CPU
		{7951D63A-8443-48E6-BD1A-3F7E62D51F66}.Release|Any CPU.Build.0 = Release|Any CPU
		{6BF96287-8FDE-4AE7-8C76-823F73D47DA3}.Debug|Any CPU.ActiveCfg = Debug|Any CPU
		{6BF96287-8FDE-4AE7-8C76-823F73D47DA3}.Debug|Any CPU.Build.0 = Debug|Any CPU
		{6BF96287-8FDE-4AE7-8C76-823F73D47DA3}.Release|Any CPU.ActiveCfg = Release|Any CPU
		{6BF96287-8FDE-4AE7-8C76-823F73D47DA3}.Release|Any CPU.Build.0 = Release|Any CPU
		{EDBD1EC3-A588-46AC-9D09-F66B94F2380D}.Debug|Any CPU.ActiveCfg = Debug|Any CPU
		{EDBD1EC3-A588-46AC-9D09-F66B94F2380D}.Debug|Any CPU.Build.0 = Debug|Any CPU
		{EDBD1EC3-A588-46AC-9D09-F66B94F2380D}.Release|Any CPU.ActiveCfg = Release|Any CPU
		{EDBD1EC3-A588-46AC-9D09-F66B94F2380D}.Release|Any CPU.Build.0 = Release|Any CPU
		{90486C6F-FE36-4867-BFA3-CF02FF5560C1}.Debug|Any CPU.ActiveCfg = Debug|Any CPU
		{90486C6F-FE36-4867-BFA3-CF02FF5560C1}.Debug|Any CPU.Build.0 = Debug|Any CPU
		{90486C6F-FE36-4867-BFA3-CF02FF5560C1}.Release|Any CPU.ActiveCfg = Release|Any CPU
		{90486C6F-FE36-4867-BFA3-CF02FF5560C1}.Release|Any CPU.Build.0 = Release|Any CPU
		{53E5FD6F-15E7-4816-8E1D-F61D631870FE}.Debug|Any CPU.ActiveCfg = Debug|Any CPU
		{53E5FD6F-15E7-4816-8E1D-F61D631870FE}.Debug|Any CPU.Build.0 = Debug|Any CPU
		{53E5FD6F-15E7-4816-8E1D-F61D631870FE}.Release|Any CPU.ActiveCfg = Release|Any CPU
		{53E5FD6F-15E7-4816-8E1D-F61D631870FE}.Release|Any CPU.Build.0 = Release|Any CPU
		{06E7BB43-5E95-4CEA-9A68-47F78A171A20}.Debug|Any CPU.ActiveCfg = Debug|Any CPU
		{06E7BB43-5E95-4CEA-9A68-47F78A171A20}.Debug|Any CPU.Build.0 = Debug|Any CPU
		{06E7BB43-5E95-4CEA-9A68-47F78A171A20}.Release|Any CPU.ActiveCfg = Release|Any CPU
		{06E7BB43-5E95-4CEA-9A68-47F78A171A20}.Release|Any CPU.Build.0 = Release|Any CPU
		{86BC4286-67A1-40A3-B176-042891506B78}.Debug|Any CPU.ActiveCfg = Debug|Any CPU
		{86BC4286-67A1-40A3-B176-042891506B78}.Debug|Any CPU.Build.0 = Debug|Any CPU
		{86BC4286-67A1-40A3-B176-042891506B78}.Release|Any CPU.ActiveCfg = Release|Any CPU
		{86BC4286-67A1-40A3-B176-042891506B78}.Release|Any CPU.Build.0 = Release|Any CPU
		{408209A4-9604-409D-9B69-8273EF9F93C4}.Debug|Any CPU.ActiveCfg = Debug|Any CPU
		{408209A4-9604-409D-9B69-8273EF9F93C4}.Debug|Any CPU.Build.0 = Debug|Any CPU
		{408209A4-9604-409D-9B69-8273EF9F93C4}.Release|Any CPU.ActiveCfg = Release|Any CPU
		{408209A4-9604-409D-9B69-8273EF9F93C4}.Release|Any CPU.Build.0 = Release|Any CPU
		{CC4B5CC8-68FD-47AE-BB80-7D8D4E495A31}.Debug|Any CPU.ActiveCfg = Debug|Any CPU
		{CC4B5CC8-68FD-47AE-BB80-7D8D4E495A31}.Debug|Any CPU.Build.0 = Debug|Any CPU
		{CC4B5CC8-68FD-47AE-BB80-7D8D4E495A31}.Release|Any CPU.ActiveCfg = Release|Any CPU
		{CC4B5CC8-68FD-47AE-BB80-7D8D4E495A31}.Release|Any CPU.Build.0 = Release|Any CPU
		{7CFAB0DD-62C8-48BA-8AFA-CB6FDB22B743}.Debug|Any CPU.ActiveCfg = Debug|Any CPU
		{7CFAB0DD-62C8-48BA-8AFA-CB6FDB22B743}.Debug|Any CPU.Build.0 = Debug|Any CPU
		{7CFAB0DD-62C8-48BA-8AFA-CB6FDB22B743}.Release|Any CPU.ActiveCfg = Release|Any CPU
		{7CFAB0DD-62C8-48BA-8AFA-CB6FDB22B743}.Release|Any CPU.Build.0 = Release|Any CPU
		{A8D3FA33-226B-4C9C-A374-4D8D25528224}.Debug|Any CPU.ActiveCfg = Debug|Any CPU
		{A8D3FA33-226B-4C9C-A374-4D8D25528224}.Debug|Any CPU.Build.0 = Debug|Any CPU
		{A8D3FA33-226B-4C9C-A374-4D8D25528224}.Release|Any CPU.ActiveCfg = Release|Any CPU
		{A8D3FA33-226B-4C9C-A374-4D8D25528224}.Release|Any CPU.Build.0 = Release|Any CPU
		{E3DEF921-F776-4309-845D-84414D13F268}.Debug|Any CPU.ActiveCfg = Debug|Any CPU
		{E3DEF921-F776-4309-845D-84414D13F268}.Debug|Any CPU.Build.0 = Debug|Any CPU
		{E3DEF921-F776-4309-845D-84414D13F268}.Release|Any CPU.ActiveCfg = Release|Any CPU
		{E3DEF921-F776-4309-845D-84414D13F268}.Release|Any CPU.Build.0 = Release|Any CPU
		{A5DD0472-827A-4049-AF06-9C6974CC4615}.Debug|Any CPU.ActiveCfg = Debug|Any CPU
		{A5DD0472-827A-4049-AF06-9C6974CC4615}.Debug|Any CPU.Build.0 = Debug|Any CPU
		{A5DD0472-827A-4049-AF06-9C6974CC4615}.Release|Any CPU.ActiveCfg = Release|Any CPU
		{A5DD0472-827A-4049-AF06-9C6974CC4615}.Release|Any CPU.Build.0 = Release|Any CPU
		{4BBF78E0-863D-4E95-BEEB-94E93CB2BB2C}.Debug|Any CPU.ActiveCfg = Debug|Any CPU
		{4BBF78E0-863D-4E95-BEEB-94E93CB2BB2C}.Debug|Any CPU.Build.0 = Debug|Any CPU
		{4BBF78E0-863D-4E95-BEEB-94E93CB2BB2C}.Release|Any CPU.ActiveCfg = Release|Any CPU
		{4BBF78E0-863D-4E95-BEEB-94E93CB2BB2C}.Release|Any CPU.Build.0 = Release|Any CPU
		{CE2109CA-2F1A-4205-9553-921912FB6CD7}.Debug|Any CPU.ActiveCfg = Debug|Any CPU
		{CE2109CA-2F1A-4205-9553-921912FB6CD7}.Debug|Any CPU.Build.0 = Debug|Any CPU
		{CE2109CA-2F1A-4205-9553-921912FB6CD7}.Release|Any CPU.ActiveCfg = Release|Any CPU
		{CE2109CA-2F1A-4205-9553-921912FB6CD7}.Release|Any CPU.Build.0 = Release|Any CPU
		{8E56C7B7-3F3D-4D31-A423-759D5E7A9E3D}.Debug|Any CPU.ActiveCfg = Debug|Any CPU
		{8E56C7B7-3F3D-4D31-A423-759D5E7A9E3D}.Debug|Any CPU.Build.0 = Debug|Any CPU
		{8E56C7B7-3F3D-4D31-A423-759D5E7A9E3D}.Release|Any CPU.ActiveCfg = Release|Any CPU
		{8E56C7B7-3F3D-4D31-A423-759D5E7A9E3D}.Release|Any CPU.Build.0 = Release|Any CPU
		{DB359FF6-48E4-4996-BA05-2ADBC6EDD4FA}.Debug|Any CPU.ActiveCfg = Debug|Any CPU
		{DB359FF6-48E4-4996-BA05-2ADBC6EDD4FA}.Debug|Any CPU.Build.0 = Debug|Any CPU
		{DB359FF6-48E4-4996-BA05-2ADBC6EDD4FA}.Release|Any CPU.ActiveCfg = Release|Any CPU
		{DB359FF6-48E4-4996-BA05-2ADBC6EDD4FA}.Release|Any CPU.Build.0 = Release|Any CPU
		{8012018F-5978-4D23-A202-6525EF45C79A}.Debug|Any CPU.ActiveCfg = Debug|Any CPU
		{8012018F-5978-4D23-A202-6525EF45C79A}.Debug|Any CPU.Build.0 = Debug|Any CPU
		{8012018F-5978-4D23-A202-6525EF45C79A}.Release|Any CPU.ActiveCfg = Release|Any CPU
		{8012018F-5978-4D23-A202-6525EF45C79A}.Release|Any CPU.Build.0 = Release|Any CPU
		{BF43CCB6-BD69-406A-BB29-05C4C32C978B}.Debug|Any CPU.ActiveCfg = Debug|Any CPU
		{BF43CCB6-BD69-406A-BB29-05C4C32C978B}.Debug|Any CPU.Build.0 = Debug|Any CPU
		{BF43CCB6-BD69-406A-BB29-05C4C32C978B}.Release|Any CPU.ActiveCfg = Release|Any CPU
		{BF43CCB6-BD69-406A-BB29-05C4C32C978B}.Release|Any CPU.Build.0 = Release|Any CPU
	EndGlobalSection
	GlobalSection(SolutionProperties) = preSolution
		HideSolutionNode = FALSE
	EndGlobalSection
	GlobalSection(ExtensibilityGlobals) = postSolution
		SolutionGuid = {030E3D57-5B5A-49DA-8505-E089569B3868}
	EndGlobalSection
EndGlobal
