
Microsoft Visual Studio Solution File, Format Version 12.00
# Visual Studio Version 17
VisualStudioVersion = 17.8.34330.188
MinimumVisualStudioVersion = 10.0.40219.1
Project("{FAE04EC0-301F-11D3-BF4B-00C04F79EFBC}") = "P001.Encapsulation", "P001.Encapsulation\P001.Encapsulation.csproj", "{AF6C5ED1-4E60-4ED9-AE56-07820A4A3D29}"
EndProject
Project("{FAE04EC0-301F-11D3-BF4B-00C04F79EFBC}") = "P002.Polymorphism", "P002.Polymorphism\P002.Polymorphism.csproj", "{431D6F34-EB60-41CA-8C7B-3F6B95C3F451}"
EndProject
Global
	GlobalSection(SolutionConfigurationPlatforms) = preSolution
		Debug|Any CPU = Debug|Any CPU
		Release|Any CPU = Release|Any CPU
	EndGlobalSection
	GlobalSection(ProjectConfigurationPlatforms) = postSolution
		{AF6C5ED1-4E60-4ED9-AE56-07820A4A3D29}.Debug|Any CPU.ActiveCfg = Debug|Any CPU
		{AF6C5ED1-4E60-4ED9-AE56-07820A4A3D29}.Debug|Any CPU.Build.0 = Debug|Any CPU
		{AF6C5ED1-4E60-4ED9-AE56-07820A4A3D29}.Release|Any CPU.ActiveCfg = Release|Any CPU
		{AF6C5ED1-4E60-4ED9-AE56-07820A4A3D29}.Release|Any CPU.Build.0 = Release|Any CPU
		{431D6F34-EB60-41CA-8C7B-3F6B95C3F451}.Debug|Any CPU.ActiveCfg = Debug|Any CPU
		{431D6F34-EB60-41CA-8C7B-3F6B95C3F451}.Debug|Any CPU.Build.0 = Debug|Any CPU
		{431D6F34-EB60-41CA-8C7B-3F6B95C3F451}.Release|Any CPU.ActiveCfg = Release|Any CPU
		{431D6F34-EB60-41CA-8C7B-3F6B95C3F451}.Release|Any CPU.Build.0 = Release|Any CPU
	EndGlobalSection
	GlobalSection(SolutionProperties) = preSolution
		HideSolutionNode = FALSE
	EndGlobalSection
	GlobalSection(ExtensibilityGlobals) = postSolution
		SolutionGuid = {030E3D57-5B5A-49DA-8505-E089569B3868}
	EndGlobalSection
EndGlobal
